
Microsoft Visual Studio Solution File, Format Version 12.00
# Visual Studio Version 17
VisualStudioVersion = 17.6.33829.357
MinimumVisualStudioVersion = 10.0.40219.1
Project("{FAE04EC0-301F-11D3-BF4B-00C04F79EFBC}") = "Basic Generic Data Structure", "Basic Generic Data Structure\Basic Generic Data Structure.csproj", "{AB8C14F8-E194-4991-8346-ABD454001D78}"
EndProject
Global
	GlobalSection(SolutionConfigurationPlatforms) = preSolution
		Debug|Any CPU = Debug|Any CPU
		Release|Any CPU = Release|Any CPU
	EndGlobalSection
	GlobalSection(ProjectConfigurationPlatforms) = postSolution
		{AB8C14F8-E194-4991-8346-ABD454001D78}.Debug|Any CPU.ActiveCfg = Debug|Any CPU
		{AB8C14F8-E194-4991-8346-ABD454001D78}.Debug|Any CPU.Build.0 = Debug|Any CPU
		{AB8C14F8-E194-4991-8346-ABD454001D78}.Release|Any CPU.ActiveCfg = Release|Any CPU
		{AB8C14F8-E194-4991-8346-ABD454001D78}.Release|Any CPU.Build.0 = Release|Any CPU
	EndGlobalSection
	GlobalSection(SolutionProperties) = preSolution
		HideSolutionNode = FALSE
	EndGlobalSection
	GlobalSection(ExtensibilityGlobals) = postSolution
		SolutionGuid = {EC8F9F03-D4ED-45F2-AC48-73DE3B2DB56A}
	EndGlobalSection
EndGlobal
